// !$*UTF8*$!
{
	archiveVersion = 1;
	classes = {
	};
	objectVersion = 50;
	objects = {

/* Begin PBXBuildFile section */
		191FC3B0259D70A200713482 /* AppDelegate.m in Sources */ = {isa = PBXBuildFile; fileRef = 191FC3AF259D70A200713482 /* AppDelegate.m */; };
		191FC3B3259D70A200713482 /* SceneDelegate.m in Sources */ = {isa = PBXBuildFile; fileRef = 191FC3B2259D70A200713482 /* SceneDelegate.m */; };
		191FC3B6259D70A200713482 /* ViewController.m in Sources */ = {isa = PBXBuildFile; fileRef = 191FC3B5259D70A200713482 /* ViewController.m */; };
		191FC3B9259D70A200713482 /* Main.storyboard in Resources */ = {isa = PBXBuildFile; fileRef = 191FC3B7259D70A200713482 /* Main.storyboard */; };
		191FC3BB259D70A300713482 /* Assets.xcassets in Resources */ = {isa = PBXBuildFile; fileRef = 191FC3BA259D70A300713482 /* Assets.xcassets */; };
		191FC3BE259D70A300713482 /* LaunchScreen.storyboard in Resources */ = {isa = PBXBuildFile; fileRef = 191FC3BC259D70A300713482 /* LaunchScreen.storyboard */; };
		191FC3C1259D70A300713482 /* main.m in Sources */ = {isa = PBXBuildFile; fileRef = 191FC3C0259D70A300713482 /* main.m */; };
/* End PBXBuildFile section */

/* Begin PBXFileReference section */
		191FC3AB259D70A200713482 /* 点击按钮for循环添加label.app */ = {isa = PBXFileReference; explicitFileType = wrapper.application; includeInIndex = 0; path = "点击按钮for循环添加label.app"; sourceTree = BUILT_PRODUCTS_DIR; };
		191FC3AE259D70A200713482 /* AppDelegate.h */ = {isa = PBXFileReference; lastKnownFileType = sourcecode.c.h; path = AppDelegate.h; sourceTree = "<group>"; };
		191FC3AF259D70A200713482 /* AppDelegate.m */ = {isa = PBXFileReference; lastKnownFileType = sourcecode.c.objc; path = AppDelegate.m; sourceTree = "<group>"; };
		191FC3B1259D70A200713482 /* SceneDelegate.h */ = {isa = PBXFileReference; lastKnownFileType = sourcecode.c.h; path = SceneDelegate.h; sourceTree = "<group>"; };
		191FC3B2259D70A200713482 /* SceneDelegate.m */ = {isa = PBXFileReference; lastKnownFileType = sourcecode.c.objc; path = SceneDelegate.m; sourceTree = "<group>"; };
		191FC3B4259D70A200713482 /* ViewController.h */ = {isa = PBXFileReference; lastKnownFileType = sourcecode.c.h; path = ViewController.h; sourceTree = "<group>"; };
		191FC3B5259D70A200713482 /* ViewController.m */ = {isa = PBXFileReference; lastKnownFileType = sourcecode.c.objc; path = ViewController.m; sourceTree = "<group>"; };
		191FC3B8259D70A200713482 /* Base */ = {isa = PBXFileReference; lastKnownFileType = file.storyboard; name = Base; path = Base.lproj/Main.storyboard; sourceTree = "<group>"; };
		191FC3BA259D70A300713482 /* Assets.xcassets */ = {isa = PBXFileReference; lastKnownFileType = folder.assetcatalog; path = Assets.xcassets; sourceTree = "<group>"; };
		191FC3BD259D70A300713482 /* Base */ = {isa = PBXFileReference; lastKnownFileType = file.storyboard; name = Base; path = Base.lproj/LaunchScreen.storyboard; sourceTree = "<group>"; };
		191FC3BF259D70A300713482 /* Info.plist */ = {isa = PBXFileReference; lastKnownFileType = text.plist.xml; path = Info.plist; sourceTree = "<group>"; };
		191FC3C0259D70A300713482 /* main.m */ = {isa = PBXFileReference; lastKnownFileType = sourcecode.c.objc; path = main.m; sourceTree = "<group>"; };
/* End PBXFileReference section */

/* Begin PBXFrameworksBuildPhase section */
		191FC3A8259D70A200713482 /* Frameworks */ = {
			isa = PBXFrameworksBuildPhase;
			buildActionMask = 2147483647;
			files = (
			);
			runOnlyForDeploymentPostprocessing = 0;
		};
/* End PBXFrameworksBuildPhase section */

/* Begin PBXGroup section */
		191FC3A2259D70A200713482 = {
			isa = PBXGroup;
			children = (
				191FC3AD259D70A200713482 /* 点击按钮for循环添加label */,
				191FC3AC259D70A200713482 /* Products */,
			);
			sourceTree = "<group>";
		};
		191FC3AC259D70A200713482 /* Products */ = {
			isa = PBXGroup;
			children = (
				191FC3AB259D70A200713482 /* 点击按钮for循环添加label.app */,
			);
			name = Products;
			sourceTree = "<group>";
		};
		191FC3AD259D70A200713482 /* 点击按钮for循环添加label */ = {
			isa = PBXGroup;
			children = (
				191FC3AE259D70A200713482 /* AppDelegate.h */,
				191FC3AF259D70A200713482 /* AppDelegate.m */,
				191FC3B1259D70A200713482 /* SceneDelegate.h */,
				191FC3B2259D70A200713482 /* SceneDelegate.m */,
				191FC3B4259D70A200713482 /* ViewController.h */,
				191FC3B5259D70A200713482 /* ViewController.m */,
				191FC3B7259D70A200713482 /* Main.storyboard */,
				191FC3BA259D70A300713482 /* Assets.xcassets */,
				191FC3BC259D70A300713482 /* LaunchScreen.storyboard */,
				191FC3BF259D70A300713482 /* Info.plist */,
				191FC3C0259D70A300713482 /* main.m */,
			);
			path = "点击按钮for循环添加label";
			sourceTree = "<group>";
		};
/* End PBXGroup section */

/* Begin PBXNativeTarget section */
		191FC3AA259D70A200713482 /* 点击按钮for循环添加label */ = {
			isa = PBXNativeTarget;
			buildConfigurationList = 191FC3C4259D70A300713482 /* Build configuration list for PBXNativeTarget "点击按钮for循环添加label" */;
			buildPhases = (
				191FC3A7259D70A200713482 /* Sources */,
				191FC3A8259D70A200713482 /* Frameworks */,
				191FC3A9259D70A200713482 /* Resources */,
			);
			buildRules = (
			);
			dependencies = (
			);
			name = "点击按钮for循环添加label";
			productName = "点击按钮for循环添加label";
			productReference = 191FC3AB259D70A200713482 /* 点击按钮for循环添加label.app */;
			productType = "com.apple.product-type.application";
		};
/* End PBXNativeTarget section */

/* Begin PBXProject section */
		191FC3A3259D70A200713482 /* Project object */ = {
			isa = PBXProject;
			attributes = {
				LastUpgradeCheck = 1210;
				TargetAttributes = {
					191FC3AA259D70A200713482 = {
						CreatedOnToolsVersion = 12.1;
					};
				};
			};
			buildConfigurationList = 191FC3A6259D70A200713482 /* Build configuration list for PBXProject "点击按钮for循环添加label" */;
			compatibilityVersion = "Xcode 9.3";
			developmentRegion = en;
			hasScannedForEncodings = 0;
			knownRegions = (
				en,
				Base,
			);
			mainGroup = 191FC3A2259D70A200713482;
			productRefGroup = 191FC3AC259D70A200713482 /* Products */;
			projectDirPath = "";
			projectRoot = "";
			targets = (
				191FC3AA259D70A200713482 /* 点击按钮for循环添加label */,
			);
		};
/* End PBXProject section */

/* Begin PBXResourcesBuildPhase section */
		191FC3A9259D70A200713482 /* Resources */ = {
			isa = PBXResourcesBuildPhase;
			buildActionMask = 2147483647;
			files = (
				191FC3BE259D70A300713482 /* LaunchScreen.storyboard in Resources */,
				191FC3BB259D70A300713482 /* Assets.xcassets in Resources */,
				191FC3B9259D70A200713482 /* Main.storyboard in Resources */,
			);
			runOnlyForDeploymentPostprocessing = 0;
		};
/* End PBXResourcesBuildPhase section */

/* Begin PBXSourcesBuildPhase section */
		191FC3A7259D70A200713482 /* Sources */ = {
			isa = PBXSourcesBuildPhase;
			buildActionMask = 2147483647;
			files = (
				191FC3B6259D70A200713482 /* ViewController.m in Sources */,
				191FC3B0259D70A200713482 /* AppDelegate.m in Sources */,
				191FC3C1259D70A300713482 /* main.m in Sources */,
				191FC3B3259D70A200713482 /* SceneDelegate.m in Sources */,
			);
			runOnlyForDeploymentPostprocessing = 0;
		};
/* End PBXSourcesBuildPhase section */

/* Begin PBXVariantGroup section */
		191FC3B7259D70A200713482 /* Main.storyboard */ = {
			isa = PBXVariantGroup;
			children = (
				191FC3B8259D70A200713482 /* Base */,
			);
			name = Main.storyboard;
			sourceTree = "<group>";
		};
		191FC3BC259D70A300713482 /* LaunchScreen.storyboard */ = {
			isa = PBXVariantGroup;
			children = (
				191FC3BD259D70A300713482 /* Base */,
			);
			name = LaunchScreen.storyboard;
			sourceTree = "<group>";
		};
/* End PBXVariantGroup section */

/* Begin XCBuildConfiguration section */
		191FC3C2259D70A300713482 /* Debug */ = {
			isa = XCBuildConfiguration;
			buildSettings = {
				ALWAYS_SEARCH_USER_PATHS = NO;
				CLANG_ANALYZER_NONNULL = YES;
				CLANG_ANALYZER_NUMBER_OBJECT_CONVERSION = YES_AGGRESSIVE;
				CLANG_CXX_LANGUAGE_STANDARD = "gnu++14";
				CLANG_CXX_LIBRARY = "libc++";
				CLANG_ENABLE_MODULES = YES;
				CLANG_ENABLE_OBJC_ARC = YES;
				CLANG_ENABLE_OBJC_WEAK = YES;
				CLANG_WARN_BLOCK_CAPTURE_AUTORELEASING = YES;
				CLANG_WARN_BOOL_CONVERSION = YES;
				CLANG_WARN_COMMA = YES;
				CLANG_WARN_CONSTANT_CONVERSION = YES;
				CLANG_WARN_DEPRECATED_OBJC_IMPLEMENTATIONS = YES;
				CLANG_WARN_DIRECT_OBJC_ISA_USAGE = YES_ERROR;
				CLANG_WARN_DOCUMENTATION_COMMENTS = YES;
				CLANG_WARN_EMPTY_BODY = YES;
				CLANG_WARN_ENUM_CONVERSION = YES;
				CLANG_WARN_INFINITE_RECURSION = YES;
				CLANG_WARN_INT_CONVERSION = YES;
				CLANG_WARN_NON_LITERAL_NULL_CONVERSION = YES;
				CLANG_WARN_OBJC_IMPLICIT_RETAIN_SELF = YES;
				CLANG_WARN_OBJC_LITERAL_CONVERSION = YES;
				CLANG_WARN_OBJC_ROOT_CLASS = YES_ERROR;
				CLANG_WARN_QUOTED_INCLUDE_IN_FRAMEWORK_HEADER = YES;
				CLANG_WARN_RANGE_LOOP_ANALYSIS = YES;
				CLANG_WARN_STRICT_PROTOTYPES = YES;
				CLANG_WARN_SUSPICIOUS_MOVE = YES;
				CLANG_WARN_UNGUARDED_AVAILABILITY = YES_AGGRESSIVE;
				CLANG_WARN_UNREACHABLE_CODE = YES;
				CLANG_WARN__DUPLICATE_METHOD_MATCH = YES;
				COPY_PHASE_STRIP = NO;
				DEBUG_INFORMATION_FORMAT = dwarf;
				ENABLE_STRICT_OBJC_MSGSEND = YES;
				ENABLE_TESTABILITY = YES;
				GCC_C_LANGUAGE_STANDARD = gnu11;
				GCC_DYNAMIC_NO_PIC = NO;
				GCC_NO_COMMON_BLOCKS = YES;
				GCC_OPTIMIZATION_LEVEL = 0;
				GCC_PREPROCESSOR_DEFINITIONS = (
					"DEBUG=1",
					"$(inherited)",
				);
				GCC_WARN_64_TO_32_BIT_CONVERSION = YES;
				GCC_WARN_ABOUT_RETURN_TYPE = YES_ERROR;
				GCC_WARN_UNDECLARED_SELECTOR = YES;
				GCC_WARN_UNINITIALIZED_AUTOS = YES_AGGRESSIVE;
				GCC_WARN_UNUSED_FUNCTION = YES;
				GCC_WARN_UNUSED_VARIABLE = YES;
				IPHONEOS_DEPLOYMENT_TARGET = 14.1;
				MTL_ENABLE_DEBUG_INFO = INCLUDE_SOURCE;
				MTL_FAST_MATH = YES;
				ONLY_ACTIVE_ARCH = YES;
				SDKROOT = iphoneos;
			};
			name = Debug;
		};
		191FC3C3259D70A300713482 /* Release */ = {
			isa = XCBuildConfiguration;
			buildSettings = {
				ALWAYS_SEARCH_USER_PATHS = NO;
				CLANG_ANALYZER_NONNULL = YES;
				CLANG_ANALYZER_NUMBER_OBJECT_CONVERSION = YES_AGGRESSIVE;
				CLANG_CXX_LANGUAGE_STANDARD = "gnu++14";
				CLANG_CXX_LIBRARY = "libc++";
				CLANG_ENABLE_MODULES = YES;
				CLANG_ENABLE_OBJC_ARC = YES;
				CLANG_ENABLE_OBJC_WEAK = YES;
				CLANG_WARN_BLOCK_CAPTURE_AUTORELEASING = YES;
				CLANG_WARN_BOOL_CONVERSION = YES;
				CLANG_WARN_COMMA = YES;
				CLANG_WARN_CONSTANT_CONVERSION = YES;
				CLANG_WARN_DEPRECATED_OBJC_IMPLEMENTATIONS = YES;
				CLANG_WARN_DIRECT_OBJC_ISA_USAGE = YES_ERROR;
				CLANG_WARN_DOCUMENTATION_COMMENTS = YES;
				CLANG_WARN_EMPTY_BODY = YES;
				CLANG_WARN_ENUM_CONVERSION = YES;
				CLANG_WARN_INFINITE_RECURSION = YES;
				CLANG_WARN_INT_CONVERSION = YES;
				CLANG_WARN_NON_LITERAL_NULL_CONVERSION = YES;
				CLANG_WARN_OBJC_IMPLICIT_RETAIN_SELF = YES;
				CLANG_WARN_OBJC_LITERAL_CONVERSION = YES;
				CLANG_WARN_OBJC_ROOT_CLASS = YES_ERROR;
				CLANG_WARN_QUOTED_INCLUDE_IN_FRAMEWORK_HEADER = YES;
				CLANG_WARN_RANGE_LOOP_ANALYSIS = YES;
				CLANG_WARN_STRICT_PROTOTYPES = YES;
				CLANG_WARN_SUSPICIOUS_MOVE = YES;
				CLANG_WARN_UNGUARDED_AVAILABILITY = YES_AGGRESSIVE;
				CLANG_WARN_UNREACHABLE_CODE = YES;
				CLANG_WARN__DUPLICATE_METHOD_MATCH = YES;
				COPY_PHASE_STRIP = NO;
				DEBUG_INFORMATION_FORMAT = "dwarf-with-dsym";
				ENABLE_NS_ASSERTIONS = NO;
				ENABLE_STRICT_OBJC_MSGSEND = YES;
				GCC_C_LANGUAGE_STANDARD = gnu11;
				GCC_NO_COMMON_BLOCKS = YES;
				GCC_WARN_64_TO_32_BIT_CONVERSION = YES;
				GCC_WARN_ABOUT_RETURN_TYPE = YES_ERROR;
				GCC_WARN_UNDECLARED_SELECTOR = YES;
				GCC_WARN_UNINITIALIZED_AUTOS = YES_AGGRESSIVE;
				GCC_WARN_UNUSED_FUNCTION = YES;
				GCC_WARN_UNUSED_VARIABLE = YES;
				IPHONEOS_DEPLOYMENT_TARGET = 14.1;
				MTL_ENABLE_DEBUG_INFO = NO;
				MTL_FAST_MATH = YES;
				SDKROOT = iphoneos;
				VALIDATE_PRODUCT = YES;
			};
			name = Release;
		};
		191FC3C5259D70A300713482 /* Debug */ = {
			isa = XCBuildConfiguration;
			buildSettings = {
				ASSETCATALOG_COMPILER_APPICON_NAME = AppIcon;
				ASSETCATALOG_COMPILER_GLOBAL_ACCENT_COLOR_NAME = AccentColor;
				CODE_SIGN_STYLE = Automatic;
				DEVELOPMENT_TEAM = P3BDSXA2S9;
				INFOPLIST_FILE = "点击按钮for循环添加label/Info.plist";
				LD_RUNPATH_SEARCH_PATHS = (
					"$(inherited)",
					"@executable_path/Frameworks",
				);
				PRODUCT_BUNDLE_IDENTIFIER = "Test.----for----label";
				PRODUCT_NAME = "$(TARGET_NAME)";
				TARGETED_DEVICE_FAMILY = "1,2";
			};
			name = Debug;
		};
		191FC3C6259D70A300713482 /* Release */ = {
			isa = XCBuildConfiguration;
			buildSettings = {
				ASSETCATALOG_COMPILER_APPICON_NAME = AppIcon;
				ASSETCATALOG_COMPILER_GLOBAL_ACCENT_COLOR_NAME = AccentColor;
				CODE_SIGN_STYLE = Automatic;
				DEVELOPMENT_TEAM = P3BDSXA2S9;
				INFOPLIST_FILE = "点击按钮for循环添加label/Info.plist";
				LD_RUNPATH_SEARCH_PATHS = (
					"$(inherited)",
					"@executable_path/Frameworks",
				);
				PRODUCT_BUNDLE_IDENTIFIER = "Test.----for----label";
				PRODUCT_NAME = "$(TARGET_NAME)";
				TARGETED_DEVICE_FAMILY = "1,2";
			};
			name = Release;
		};
/* End XCBuildConfiguration section */

/* Begin XCConfigurationList section */
		191FC3A6259D70A200713482 /* Build configuration list for PBXProject "点击按钮for循环添加label" */ = {
			isa = XCConfigurationList;
			buildConfigurations = (
				191FC3C2259D70A300713482 /* Debug */,
				191FC3C3259D70A300713482 /* Release */,
			);
			defaultConfigurationIsVisible = 0;
			defaultConfigurationName = Release;
		};
		191FC3C4259D70A300713482 /* Build configuration list for PBXNativeTarget "点击按钮for循环添加label" */ = {
			isa = XCConfigurationList;
			buildConfigurations = (
				191FC3C5259D70A300713482 /* Debug */,
				191FC3C6259D70A300713482 /* Release */,
			);
			defaultConfigurationIsVisible = 0;
			defaultConfigurationName = Release;
		};
/* End XCConfigurationList section */
	};
	rootObject = 191FC3A3259D70A200713482 /* Project object */;
}
